# This file is machine-generated by `gh actions-lock`.
# Do not edit by hand; run `gh actions-lock` to update.
# Docs: https://gh.io/actions-lockfile
version: 'v0.0.2'
workflows:
    '.github/workflows/boj-build.yml':
        - 'actions/checkout@v7.0.1'
    '.github/workflows/codeql.yml':
        - 'actions/checkout@v7.0.1'
        - 'github/codeql-action@v4.37.8'
    '.github/workflows/container-build.yml':
        - 'actions/checkout@v7.0.1'
    '.github/workflows/dependabot-automerge.yml':
        - 'dependabot/fetch-metadata@v3.1.0'
    '.github/workflows/dogfood-gate.yml':
        - 'actions/checkout@v7.0.1'
        - 'hyperpolymath/a2ml-ecosystem@main'
        - 'hyperpolymath/k9-ecosystem@main'
    '.github/workflows/estate-rules.yml':
        - 'actions/checkout@v7.0.1'
    '.github/workflows/governance.yml': []
    '.github/workflows/guix-policy.yml':
        - 'actions/checkout@v7.0.1'
    '.github/workflows/hypatia-scan.yml': []
    '.github/workflows/label-triage.yml': []
    '.github/workflows/labels.yml': []
    '.github/workflows/mirror.yml': []
    '.github/workflows/openssf-compliance.yml':
        - 'actions/checkout@v7.0.1'
    '.github/workflows/pages.yml':
        - 'actions/cache@v6.1.0'
        - 'actions/checkout@v7.0.1'
        - 'actions/configure-pages@v6.0.0'
        - 'actions/deploy-pages@v5.0.0'
        - 'actions/upload-pages-artifact@v5.0.0'
        - 'haskell-actions/setup@v2.12.0'
    '.github/workflows/push-email-notify.yml':
        - 'hyperpolymath/smtp-notify-action@v0.1.0'
    '.github/workflows/quality.yml':
        - 'actions/checkout@v7.0.1'
        - 'editorconfig-checker/action-editorconfig-checker@v2.2.0'
    '.github/workflows/release.yml':
        - 'actions/attest-build-provenance@v4.2.2'
        - 'actions/checkout@v7.0.1'
        - 'actions/upload-artifact@v7.0.1'
        - 'softprops/action-gh-release@v3.0.2'
    '.github/workflows/rhodibot.yml':
        - 'actions/checkout@v7.0.1'
    '.github/workflows/runtime-policy.yml':
        - 'actions/checkout@v7.0.1'
    '.github/workflows/rust-ci.yml': []
    '.github/workflows/scorecard.yml': []
    '.github/workflows/secret-scanner.yml': []
    '.github/workflows/security-policy.yml':
        - 'actions/checkout@v7.0.1'
    '.github/workflows/sonarqube.yml':
        - 'actions/checkout@v7.0.1'
        - 'sonarsource/sonarqube-scan-action@v8.2.1'
    '.github/workflows/static-analysis-gate.yml':
        - 'actions/checkout@v7.0.1'
        - 'actions/download-artifact@v8.0.1'
        - 'actions/upload-artifact@v7.0.1'
        - 'erlef/setup-beam@v1.24.1'
    '.github/workflows/wellknown-enforcement.yml':
        - 'actions/checkout@v7.0.1'
    '.github/workflows/workflow-linter.yml':
        - 'actions/checkout@v7.0.1'
        - 'oven-sh/setup-bun@v2.2.0'
dependencies:
    'actions/attest-build-provenance@v4.2.2':
        ref: 'v4.2.2'
        commit: 'sha1-4d101475d8b20a2381f78447822ac1eab6504dd8'
        owner_id: 44036562
        repo_id: 760702757
        uses:
            - 'actions/attest@508db95dd578ae2727ebd6217d5ba78e4fbda05d'
    'actions/attest@508db95dd578ae2727ebd6217d5ba78e4fbda05d':
        ref: 'v4.2.1'
        commit: 'sha1-508db95dd578ae2727ebd6217d5ba78e4fbda05d'
        owner_id: 44036562
        repo_id: 760701061
    'actions/cache@v6.1.0':
        ref: 'v6.1.0'
        commit: 'sha1-55cc8345863c7cc4c66a329aec7e433d2d1c52a9'
        owner_id: 44036562
        repo_id: 215566462
    'actions/checkout@v7.0.1':
        ref: 'v7.0.1'
        commit: 'sha1-3d3c42e5aac5ba805825da76410c181273ba90b1'
        owner_id: 44036562
        repo_id: 197814629
    'actions/configure-pages@v6.0.0':
        ref: 'v6.0.0'
        commit: 'sha1-45bfe0192ca1faeb007ade9deae92b16b8254a0d'
        owner_id: 44036562
        repo_id: 513659658
    'actions/deploy-pages@v5.0.0':
        ref: 'v5.0.0'
        commit: 'sha1-cd2ce8fcbc39b97be8ca5fce6e763baed58fa128'
        owner_id: 44036562
        repo_id: 438112499
    'actions/download-artifact@v8.0.1':
        ref: 'v8.0.1'
        commit: 'sha1-3e5f45b2cfb9172054b4087a40e8e0b5a5461e7c'
        owner_id: 44036562
        repo_id: 192626254
    'actions/upload-artifact@bbbca2ddaa5d8feaa63e36b76fdaad77386f024f':
        ref: 'v7.0.0'
        commit: 'sha1-bbbca2ddaa5d8feaa63e36b76fdaad77386f024f'
        owner_id: 44036562
        repo_id: 192625955
    'actions/upload-artifact@v7.0.1':
        ref: 'v7.0.1'
        commit: 'sha1-043fb46d1a93c77aae656e7c1c64a875d1fc6a0a'
        owner_id: 44036562
        repo_id: 192625955
    'actions/upload-pages-artifact@v5.0.0':
        ref: 'v5.0.0'
        commit: 'sha1-fc324d3547104276b827a68afc52ff2a11cc49c9'
        owner_id: 44036562
        repo_id: 496012378
        uses:
            - 'actions/upload-artifact@bbbca2ddaa5d8feaa63e36b76fdaad77386f024f'
    'dependabot/fetch-metadata@v3.1.0':
        ref: 'v3.1.0'
        commit: 'sha1-25dd0e34f4fe68f24cc83900b1fe3fe149efef98'
        owner_id: 27347476
        repo_id: 371068214
    'editorconfig-checker/action-editorconfig-checker@v2.2.0':
        ref: 'v2.2.0'
        commit: 'sha1-840e866d93b8e032123c23bac69dece044d4d84c'
        owner_id: 26415196
        repo_id: 297874902
    'erlef/setup-beam@v1.24.1':
        ref: 'v1.24.1'
        commit: 'sha1-54075bcc5e249e4758d363f27d099f55d843f124'
        owner_id: 47606891
        repo_id: 331103973
    'github/codeql-action@v4.37.8':
        ref: 'v4.37.8'
        commit: 'sha1-db488ddef3bf6cb639b32c2e9a7c0a7ea8271d28'
        owner_id: 9919
        repo_id: 259445878
    'haskell-actions/setup@v2.12.0':
        ref: 'v2.12.0'
        commit: 'sha1-6037f33647c3f17758a2356c80fc4a53d7e0685d'
        owner_id: 75048950
        repo_id: 623796603
    'hyperpolymath/a2ml-ecosystem@main':
        ref: 'main'
        commit: 'sha1-aa4b836bd969df2bc58128cb8e3d20bbc88d5e79'
        owner_id: 6759885
        repo_id: 1275649586
    'hyperpolymath/k9-ecosystem@main':
        ref: 'main'
        commit: 'sha1-89f3c2702f4f650a92aa7411502f38da06abd562'
        owner_id: 6759885
        repo_id: 1275650185
    'hyperpolymath/smtp-notify-action@v0.1.0':
        ref: 'v0.1.0'
        commit: 'sha1-1b3b752d39a4fe4c0f28f10905e4608789d3e050'
        owner_id: 6759885
        repo_id: 1352485172
    'oven-sh/setup-bun@v2.2.0':
        ref: 'v2.2.0'
        commit: 'sha1-0c5077e51419868618aeaa5fe8019c62421857d6'
        owner_id: 108928776
        repo_id: 512644635
    'softprops/action-gh-release@v3.0.2':
        ref: 'v3.0.2'
        commit: 'sha1-3d0d9888cb7fd7b750713d6e236d1fcb99157228'
        owner_id: 2242
        repo_id: 204253808
    'sonarsource/sonarqube-scan-action@v8.2.1':
        ref: 'v8.2.1'
        commit: 'sha1-22918119ff8e1ca75a623e15c8296b6ea4fbe28f'
        owner_id: 545988
        repo_id: 366408409
